
Microsoft Visual Studio Solution File, Format Version 12.00
# Visual Studio Version 16
VisualStudioVersion = 16.0.29230.47
MinimumVisualStudioVersion = 10.0.40219.1
Project("{FAE04EC0-301F-11D3-BF4B-00C04F79EFBC}") = "caLAB4", "caLAB4.csproj", "{8532AE32-E6F1-4A6A-A37E-B605E239D491}"
EndProject
Global
	GlobalSection(SolutionConfigurationPlatforms) = preSolution
		Debug|Any CPU = Debug|Any CPU
		Release|Any CPU = Release|Any CPU
	EndGlobalSection
	GlobalSection(ProjectConfigurationPlatforms) = postSolution
		{8532AE32-E6F1-4A6A-A37E-B605E239D491}.Debug|Any CPU.ActiveCfg = Debug|Any CPU
		{8532AE32-E6F1-4A6A-A37E-B605E239D491}.Debug|Any CPU.Build.0 = Debug|Any CPU
		{8532AE32-E6F1-4A6A-A37E-B605E239D491}.Release|Any CPU.ActiveCfg = Release|Any CPU
		{8532AE32-E6F1-4A6A-A37E-B605E239D491}.Release|Any CPU.Build.0 = Release|Any CPU
	EndGlobalSection
	GlobalSection(SolutionProperties) = preSolution
		HideSolutionNode = FALSE
	EndGlobalSection
	GlobalSection(ExtensibilityGlobals) = postSolution
		SolutionGuid = {A0EF012B-DB71-4936-8351-448D97D34C39}
	EndGlobalSection
EndGlobal
